
Microsoft Visual Studio Solution File, Format Version 12.00
# Visual Studio Version 17
VisualStudioVersion = 17.9.34607.119
MinimumVisualStudioVersion = 10.0.40219.1
Project("{FAE04EC0-301F-11D3-BF4B-00C04F79EFBC}") = "Calculator", "Calculator\Calculator.csproj", "{FA2B8837-186A-4E86-9958-A12858A00CFE}"
EndProject
Global
	GlobalSection(SolutionConfigurationPlatforms) = preSolution
		Debug|Any CPU = Debug|Any CPU
		Release|Any CPU = Release|Any CPU
	EndGlobalSection
	GlobalSection(ProjectConfigurationPlatforms) = postSolution
		{FA2B8837-186A-4E86-9958-A12858A00CFE}.Debug|Any CPU.ActiveCfg = Debug|Any CPU
		{FA2B8837-186A-4E86-9958-A12858A00CFE}.Debug|Any CPU.Build.0 = Debug|Any CPU
		{FA2B8837-186A-4E86-9958-A12858A00CFE}.Release|Any CPU.ActiveCfg = Release|Any CPU
		{FA2B8837-186A-4E86-9958-A12858A00CFE}.Release|Any CPU.Build.0 = Release|Any CPU
	EndGlobalSection
	GlobalSection(SolutionProperties) = preSolution
		HideSolutionNode = FALSE
	EndGlobalSection
	GlobalSection(ExtensibilityGlobals) = postSolution
		SolutionGuid = {F7276708-A24C-43DD-A50B-9A9C521C283B}
	EndGlobalSection
EndGlobal
