
Microsoft Visual Studio Solution File, Format Version 12.00
# Visual Studio Version 17
VisualStudioVersion = 17.9.34701.34
MinimumVisualStudioVersion = 10.0.40219.1
Project("{FAE04EC0-301F-11D3-BF4B-00C04F79EFBC}") = "Projeto", "Projeto\Projeto.csproj", "{A818F25E-5C73-4486-96D5-70FF1E969121}"
EndProject
Global
	GlobalSection(SolutionConfigurationPlatforms) = preSolution
		Debug|Any CPU = Debug|Any CPU
		Release|Any CPU = Release|Any CPU
	EndGlobalSection
	GlobalSection(ProjectConfigurationPlatforms) = postSolution
		{A818F25E-5C73-4486-96D5-70FF1E969121}.Debug|Any CPU.ActiveCfg = Debug|Any CPU
		{A818F25E-5C73-4486-96D5-70FF1E969121}.Debug|Any CPU.Build.0 = Debug|Any CPU
		{A818F25E-5C73-4486-96D5-70FF1E969121}.Release|Any CPU.ActiveCfg = Release|Any CPU
		{A818F25E-5C73-4486-96D5-70FF1E969121}.Release|Any CPU.Build.0 = Release|Any CPU
	EndGlobalSection
	GlobalSection(SolutionProperties) = preSolution
		HideSolutionNode = FALSE
	EndGlobalSection
	GlobalSection(ExtensibilityGlobals) = postSolution
		SolutionGuid = {AEEB2246-83C9-4A74-AC6B-99C8FB2459B3}
	EndGlobalSection
EndGlobal
